
Microsoft Visual Studio Solution File, Format Version 12.00
# Visual Studio Version 17
VisualStudioVersion = 17.14.37614.0
MinimumVisualStudioVersion = 10.0.40219.1
Project("{11A8DD76-328B-46DF-9F39-F559912D0360}") = "nanoFramework.Runtime.InFieldUpdate", "nanoFramework.Runtime.InFieldUpdate\nanoFramework.Runtime.InFieldUpdate.nfproj", "{14DB627F-DAB1-4D00-856B-A250F0D7131B}"
EndProject
Project("{11A8DD76-328B-46DF-9F39-F559912D0360}") = "nanoFramework.Runtime.InFieldUpdate.Provider", "nanoFramework.Runtime.InFieldUpdate.Provider\nanoFramework.Runtime.InFieldUpdate.Provider.nfproj", "{2FB8D6FA-1C97-4F57-844A-C7FDDBFAE61D}"
EndProject
Project("{2150E333-8FDC-42A3-9474-1A3956D46DE8}") = "Solution Items", "Solution Items", "{8EC462FD-D22E-90A8-E5CE-7E832BA40C5D}"
	ProjectSection(SolutionItems) = preProject
		nanoFramework.Runtime.InFieldUpdate.nuspec = nanoFramework.Runtime.InFieldUpdate.nuspec
		nanoFramework.Runtime.InFieldUpdate.Provider.nuspec = nanoFramework.Runtime.InFieldUpdate.Provider.nuspec
		.runsettings = .runsettings
		README.md = README.md
		version.json = version.json
	EndProjectSection
EndProject
Project("{2150E333-8FDC-42A3-9474-1A3956D46DE8}") = "Samples", "Samples", "{02EA681E-C7D8-13C7-8484-4AC65E1B71E8}"
EndProject
Project("{11A8DD76-328B-46DF-9F39-F559912D0360}") = "IFU_Management", "Samples\IFU_Management\IFU_Management.nfproj", "{E5C2307F-191C-4116-B469-36504380830C}"
EndProject
Project("{11A8DD76-328B-46DF-9F39-F559912D0360}") = "IFU_SessionUpdate", "Samples\IFU_SessionUpdate\IFU_SessionUpdate.nfproj", "{A4C8E1F2-9B07-4D63-8E15-3C7A0D5B96F4}"
EndProject
Project("{2150E333-8FDC-42A3-9474-1A3956D46DE8}") = "Tests", "Tests", "{3D7A1B2C-6E54-4F31-9C08-5A9E7D4B2F60}"
EndProject
Project("{11A8DD76-328B-46DF-9F39-F559912D0360}") = "InFieldUpdateTests", "Tests\InFieldUpdateTests\InFieldUpdateTests.nfproj", "{7B2F0D9A-5C41-4C8E-9A3D-2F6F1C0B84E1}"
EndProject
Global
	GlobalSection(SolutionConfigurationPlatforms) = preSolution
		Debug|Any CPU = Debug|Any CPU
		Release|Any CPU = Release|Any CPU
	EndGlobalSection
	GlobalSection(ProjectConfigurationPlatforms) = postSolution
		{2FB8D6FA-1C97-4F57-844A-C7FDDBFAE61D}.Debug|Any CPU.ActiveCfg = Debug|Any CPU
		{2FB8D6FA-1C97-4F57-844A-C7FDDBFAE61D}.Debug|Any CPU.Build.0 = Debug|Any CPU
		{2FB8D6FA-1C97-4F57-844A-C7FDDBFAE61D}.Debug|Any CPU.Deploy.0 = Debug|Any CPU
		{2FB8D6FA-1C97-4F57-844A-C7FDDBFAE61D}.Release|Any CPU.ActiveCfg = Release|Any CPU
		{2FB8D6FA-1C97-4F57-844A-C7FDDBFAE61D}.Release|Any CPU.Build.0 = Release|Any CPU
		{2FB8D6FA-1C97-4F57-844A-C7FDDBFAE61D}.Release|Any CPU.Deploy.0 = Release|Any CPU
		{14DB627F-DAB1-4D00-856B-A250F0D7131B}.Debug|Any CPU.ActiveCfg = Debug|Any CPU
		{14DB627F-DAB1-4D00-856B-A250F0D7131B}.Debug|Any CPU.Build.0 = Debug|Any CPU
		{14DB627F-DAB1-4D00-856B-A250F0D7131B}.Debug|Any CPU.Deploy.0 = Debug|Any CPU
		{14DB627F-DAB1-4D00-856B-A250F0D7131B}.Release|Any CPU.ActiveCfg = Release|Any CPU
		{14DB627F-DAB1-4D00-856B-A250F0D7131B}.Release|Any CPU.Build.0 = Release|Any CPU
		{14DB627F-DAB1-4D00-856B-A250F0D7131B}.Release|Any CPU.Deploy.0 = Release|Any CPU
		{E5C2307F-191C-4116-B469-36504380830C}.Debug|Any CPU.ActiveCfg = Debug|Any CPU
		{E5C2307F-191C-4116-B469-36504380830C}.Debug|Any CPU.Build.0 = Debug|Any CPU
		{E5C2307F-191C-4116-B469-36504380830C}.Debug|Any CPU.Deploy.0 = Debug|Any CPU
		{E5C2307F-191C-4116-B469-36504380830C}.Release|Any CPU.ActiveCfg = Release|Any CPU
		{E5C2307F-191C-4116-B469-36504380830C}.Release|Any CPU.Build.0 = Release|Any CPU
		{E5C2307F-191C-4116-B469-36504380830C}.Release|Any CPU.Deploy.0 = Release|Any CPU
		{A4C8E1F2-9B07-4D63-8E15-3C7A0D5B96F4}.Debug|Any CPU.ActiveCfg = Debug|Any CPU
		{A4C8E1F2-9B07-4D63-8E15-3C7A0D5B96F4}.Debug|Any CPU.Build.0 = Debug|Any CPU
		{A4C8E1F2-9B07-4D63-8E15-3C7A0D5B96F4}.Debug|Any CPU.Deploy.0 = Debug|Any CPU
		{A4C8E1F2-9B07-4D63-8E15-3C7A0D5B96F4}.Release|Any CPU.ActiveCfg = Release|Any CPU
		{A4C8E1F2-9B07-4D63-8E15-3C7A0D5B96F4}.Release|Any CPU.Build.0 = Release|Any CPU
		{A4C8E1F2-9B07-4D63-8E15-3C7A0D5B96F4}.Release|Any CPU.Deploy.0 = Release|Any CPU
		{7B2F0D9A-5C41-4C8E-9A3D-2F6F1C0B84E1}.Debug|Any CPU.ActiveCfg = Debug|Any CPU
		{7B2F0D9A-5C41-4C8E-9A3D-2F6F1C0B84E1}.Debug|Any CPU.Build.0 = Debug|Any CPU
		{7B2F0D9A-5C41-4C8E-9A3D-2F6F1C0B84E1}.Debug|Any CPU.Deploy.0 = Debug|Any CPU
		{7B2F0D9A-5C41-4C8E-9A3D-2F6F1C0B84E1}.Release|Any CPU.ActiveCfg = Release|Any CPU
		{7B2F0D9A-5C41-4C8E-9A3D-2F6F1C0B84E1}.Release|Any CPU.Build.0 = Release|Any CPU
		{7B2F0D9A-5C41-4C8E-9A3D-2F6F1C0B84E1}.Release|Any CPU.Deploy.0 = Release|Any CPU
	EndGlobalSection
	GlobalSection(SolutionProperties) = preSolution
		HideSolutionNode = FALSE
	EndGlobalSection
	GlobalSection(NestedProjects) = preSolution
		{E5C2307F-191C-4116-B469-36504380830C} = {02EA681E-C7D8-13C7-8484-4AC65E1B71E8}
		{A4C8E1F2-9B07-4D63-8E15-3C7A0D5B96F4} = {02EA681E-C7D8-13C7-8484-4AC65E1B71E8}
		{7B2F0D9A-5C41-4C8E-9A3D-2F6F1C0B84E1} = {3D7A1B2C-6E54-4F31-9C08-5A9E7D4B2F60}
	EndGlobalSection
	GlobalSection(ExtensibilityGlobals) = postSolution
		SolutionGuid = {8335D9E0-E214-4A62-A8ED-FF7753F4E0B2}
	EndGlobalSection
EndGlobal
